// !$*UTF8*$!
{
	archiveVersion = 1;
	classes = {
	};
	objectVersion = 56;
	objects = {

/* Begin PBXBuildFile section */
		D400032429F27B2A003A713F /* 10knock9.storyboard in Resources */ = {isa = PBXBuildFile; fileRef = D400031A29F27B29003A713F /* 10knock9.storyboard */; };
		D400032529F27B2A003A713F /* 10knock4.storyboard in Resources */ = {isa = PBXBuildFile; fileRef = D400031B29F27B2A003A713F /* 10knock4.storyboard */; };
		D400032629F27B2A003A713F /* 10knock10.storyboard in Resources */ = {isa = PBXBuildFile; fileRef = D400031C29F27B2A003A713F /* 10knock10.storyboard */; };
		D400032729F27B2A003A713F /* 10knock7.storyboard in Resources */ = {isa = PBXBuildFile; fileRef = D400031D29F27B2A003A713F /* 10knock7.storyboard */; };
		D400032829F27B2A003A713F /* 10knock1.storyboard in Resources */ = {isa = PBXBuildFile; fileRef = D400031E29F27B2A003A713F /* 10knock1.storyboard */; };
		D400032929F27B2A003A713F /* 10knock5.storyboard in Resources */ = {isa = PBXBuildFile; fileRef = D400031F29F27B2A003A713F /* 10knock5.storyboard */; };
		D400032A29F27B2A003A713F /* 10knock6.storyboard in Resources */ = {isa = PBXBuildFile; fileRef = D400032029F27B2A003A713F /* 10knock6.storyboard */; };
		D400032B29F27B2A003A713F /* 10knock8.storyboard in Resources */ = {isa = PBXBuildFile; fileRef = D400032129F27B2A003A713F /* 10knock8.storyboard */; };
		D400032C29F27B2A003A713F /* 10knock3.storyboard in Resources */ = {isa = PBXBuildFile; fileRef = D400032229F27B2A003A713F /* 10knock3.storyboard */; };
		D400032D29F27B2A003A713F /* 10knock2.storyboard in Resources */ = {isa = PBXBuildFile; fileRef = D400032329F27B2A003A713F /* 10knock2.storyboard */; };
		D400033829F27B3A003A713F /* 6knock1.storyboard in Resources */ = {isa = PBXBuildFile; fileRef = D400032E29F27B3A003A713F /* 6knock1.storyboard */; };
		D400033B29F27B3A003A713F /* 6knock4.storyboard in Resources */ = {isa = PBXBuildFile; fileRef = D400033129F27B3A003A713F /* 6knock4.storyboard */; };
		D400033C29F27B3A003A713F /* 6knock2.storyboard in Resources */ = {isa = PBXBuildFile; fileRef = D400033229F27B3A003A713F /* 6knock2.storyboard */; };
		D400033D29F27B3A003A713F /* 6knock3.storyboard in Resources */ = {isa = PBXBuildFile; fileRef = D400033329F27B3A003A713F /* 6knock3.storyboard */; };
		D400034129F27B3A003A713F /* 6knock5.storyboard in Resources */ = {isa = PBXBuildFile; fileRef = D400033729F27B3A003A713F /* 6knock5.storyboard */; };
		D45F63722A0BD7C0006E8977 /* 6knock6.storyboard in Resources */ = {isa = PBXBuildFile; fileRef = D45F63712A0BD7C0006E8977 /* 6knock6.storyboard */; };
		D463DBA729F2567A00AC69F7 /* AppDelegate.swift in Sources */ = {isa = PBXBuildFile; fileRef = D463DBA629F2567A00AC69F7 /* AppDelegate.swift */; };
		D463DBA929F2567A00AC69F7 /* SceneDelegate.swift in Sources */ = {isa = PBXBuildFile; fileRef = D463DBA829F2567A00AC69F7 /* SceneDelegate.swift */; };
		D463DBAB29F2567A00AC69F7 /* ViewController.swift in Sources */ = {isa = PBXBuildFile; fileRef = D463DBAA29F2567A00AC69F7 /* ViewController.swift */; };
		D463DBAE29F2567A00AC69F7 /* Main.storyboard in Resources */ = {isa = PBXBuildFile; fileRef = D463DBAC29F2567A00AC69F7 /* Main.storyboard */; };
		D463DBB029F2567D00AC69F7 /* Assets.xcassets in Resources */ = {isa = PBXBuildFile; fileRef = D463DBAF29F2567D00AC69F7 /* Assets.xcassets */; };
		D463DBB329F2567D00AC69F7 /* LaunchScreen.storyboard in Resources */ = {isa = PBXBuildFile; fileRef = D463DBB129F2567D00AC69F7 /* LaunchScreen.storyboard */; };
		D463DBBF29F25AF800AC69F7 /* Prac2.storyboard in Resources */ = {isa = PBXBuildFile; fileRef = D463DBBB29F25AF800AC69F7 /* Prac2.storyboard */; };
		D463DBC029F25AF800AC69F7 /* Prac3.storyboard in Resources */ = {isa = PBXBuildFile; fileRef = D463DBBC29F25AF800AC69F7 /* Prac3.storyboard */; };
		D463DBC129F25AF800AC69F7 /* Prac1.storyboard in Resources */ = {isa = PBXBuildFile; fileRef = D463DBBD29F25AF800AC69F7 /* Prac1.storyboard */; };
		D463DBC229F25AF800AC69F7 /* Prac4.storyboard in Resources */ = {isa = PBXBuildFile; fileRef = D463DBBE29F25AF800AC69F7 /* Prac4.storyboard */; };
		D463DBC429F25BB400AC69F7 /* Advanced1.storyboard in Resources */ = {isa = PBXBuildFile; fileRef = D463DBC329F25BB400AC69F7 /* Advanced1.storyboard */; };
/* End PBXBuildFile section */

/* Begin PBXFileReference section */
		D400031A29F27B29003A713F /* 10knock9.storyboard */ = {isa = PBXFileReference; fileEncoding = 4; lastKnownFileType = file.storyboard; path = 10knock9.storyboard; sourceTree = "<group>"; };
		D400031B29F27B2A003A713F /* 10knock4.storyboard */ = {isa = PBXFileReference; fileEncoding = 4; lastKnownFileType = file.storyboard; path = 10knock4.storyboard; sourceTree = "<group>"; };
		D400031C29F27B2A003A713F /* 10knock10.storyboard */ = {isa = PBXFileReference; fileEncoding = 4; lastKnownFileType = file.storyboard; path = 10knock10.storyboard; sourceTree = "<group>"; };
		D400031D29F27B2A003A713F /* 10knock7.storyboard */ = {isa = PBXFileReference; fileEncoding = 4; lastKnownFileType = file.storyboard; path = 10knock7.storyboard; sourceTree = "<group>"; };
		D400031E29F27B2A003A713F /* 10knock1.storyboard */ = {isa = PBXFileReference; fileEncoding = 4; lastKnownFileType = file.storyboard; path = 10knock1.storyboard; sourceTree = "<group>"; };
		D400031F29F27B2A003A713F /* 10knock5.storyboard */ = {isa = PBXFileReference; fileEncoding = 4; lastKnownFileType = file.storyboard; path = 10knock5.storyboard; sourceTree = "<group>"; };
		D400032029F27B2A003A713F /* 10knock6.storyboard */ = {isa = PBXFileReference; fileEncoding = 4; lastKnownFileType = file.storyboard; path = 10knock6.storyboard; sourceTree = "<group>"; };
		D400032129F27B2A003A713F /* 10knock8.storyboard */ = {isa = PBXFileReference; fileEncoding = 4; lastKnownFileType = file.storyboard; path = 10knock8.storyboard; sourceTree = "<group>"; };
		D400032229F27B2A003A713F /* 10knock3.storyboard */ = {isa = PBXFileReference; fileEncoding = 4; lastKnownFileType = file.storyboard; path = 10knock3.storyboard; sourceTree = "<group>"; };
		D400032329F27B2A003A713F /* 10knock2.storyboard */ = {isa = PBXFileReference; fileEncoding = 4; lastKnownFileType = file.storyboard; path = 10knock2.storyboard; sourceTree = "<group>"; };
		D400032E29F27B3A003A713F /* 6knock1.storyboard */ = {isa = PBXFileReference; fileEncoding = 4; lastKnownFileType = file.storyboard; path = 6knock1.storyboard; sourceTree = "<group>"; };
		D400033129F27B3A003A713F /* 6knock4.storyboard */ = {isa = PBXFileReference; fileEncoding = 4; lastKnownFileType = file.storyboard; path = 6knock4.storyboard; sourceTree = "<group>"; };
		D400033229F27B3A003A713F /* 6knock2.storyboard */ = {isa = PBXFileReference; fileEncoding = 4; lastKnownFileType = file.storyboard; path = 6knock2.storyboard; sourceTree = "<group>"; };
		D400033329F27B3A003A713F /* 6knock3.storyboard */ = {isa = PBXFileReference; fileEncoding = 4; lastKnownFileType = file.storyboard; path = 6knock3.storyboard; sourceTree = "<group>"; };
		D400033729F27B3A003A713F /* 6knock5.storyboard */ = {isa = PBXFileReference; fileEncoding = 4; lastKnownFileType = file.storyboard; path = 6knock5.storyboard; sourceTree = "<group>"; };
		D45F63712A0BD7C0006E8977 /* 6knock6.storyboard */ = {isa = PBXFileReference; fileEncoding = 4; lastKnownFileType = file.storyboard; path = 6knock6.storyboard; sourceTree = "<group>"; };
		D463DBA329F2567A00AC69F7 /* AutoLayout.app */ = {isa = PBXFileReference; explicitFileType = wrapper.application; includeInIndex = 0; path = AutoLayout.app; sourceTree = BUILT_PRODUCTS_DIR; };
		D463DBA629F2567A00AC69F7 /* AppDelegate.swift */ = {isa = PBXFileReference; lastKnownFileType = sourcecode.swift; path = AppDelegate.swift; sourceTree = "<group>"; };
		D463DBA829F2567A00AC69F7 /* SceneDelegate.swift */ = {isa = PBXFileReference; lastKnownFileType = sourcecode.swift; path = SceneDelegate.swift; sourceTree = "<group>"; };
		D463DBAA29F2567A00AC69F7 /* ViewController.swift */ = {isa = PBXFileReference; lastKnownFileType = sourcecode.swift; path = ViewController.swift; sourceTree = "<group>"; };
		D463DBAD29F2567A00AC69F7 /* Base */ = {isa = PBXFileReference; lastKnownFileType = file.storyboard; name = Base; path = Base.lproj/Main.storyboard; sourceTree = "<group>"; };
		D463DBAF29F2567D00AC69F7 /* Assets.xcassets */ = {isa = PBXFileReference; lastKnownFileType = folder.assetcatalog; path = Assets.xcassets; sourceTree = "<group>"; };
		D463DBB229F2567D00AC69F7 /* Base */ = {isa = PBXFileReference; lastKnownFileType = file.storyboard; name = Base; path = Base.lproj/LaunchScreen.storyboard; sourceTree = "<group>"; };
		D463DBB429F2567D00AC69F7 /* Info.plist */ = {isa = PBXFileReference; lastKnownFileType = text.plist.xml; path = Info.plist; sourceTree = "<group>"; };
		D463DBBB29F25AF800AC69F7 /* Prac2.storyboard */ = {isa = PBXFileReference; fileEncoding = 4; lastKnownFileType = file.storyboard; path = Prac2.storyboard; sourceTree = "<group>"; };
		D463DBBC29F25AF800AC69F7 /* Prac3.storyboard */ = {isa = PBXFileReference; fileEncoding = 4; lastKnownFileType = file.storyboard; path = Prac3.storyboard; sourceTree = "<group>"; };
		D463DBBD29F25AF800AC69F7 /* Prac1.storyboard */ = {isa = PBXFileReference; fileEncoding = 4; lastKnownFileType = file.storyboard; path = Prac1.storyboard; sourceTree = "<group>"; };
		D463DBBE29F25AF800AC69F7 /* Prac4.storyboard */ = {isa = PBXFileReference; fileEncoding = 4; lastKnownFileType = file.storyboard; path = Prac4.storyboard; sourceTree = "<group>"; };
		D463DBC329F25BB400AC69F7 /* Advanced1.storyboard */ = {isa = PBXFileReference; lastKnownFileType = file.storyboard; path = Advanced1.storyboard; sourceTree = "<group>"; };
/* End PBXFileReference section */

/* Begin PBXFrameworksBuildPhase section */
		D463DBA029F2567A00AC69F7 /* Frameworks */ = {
			isa = PBXFrameworksBuildPhase;
			buildActionMask = 2147483647;
			files = (
			);
			runOnlyForDeploymentPostprocessing = 0;
		};
/* End PBXFrameworksBuildPhase section */

/* Begin PBXGroup section */
		D463DB9A29F2567A00AC69F7 = {
			isa = PBXGroup;
			children = (
				D463DBA529F2567A00AC69F7 /* AutoLayout */,
				D463DBA429F2567A00AC69F7 /* Products */,
			);
			sourceTree = "<group>";
		};
		D463DBA429F2567A00AC69F7 /* Products */ = {
			isa = PBXGroup;
			children = (
				D463DBA329F2567A00AC69F7 /* AutoLayout.app */,
			);
			name = Products;
			sourceTree = "<group>";
		};
		D463DBA529F2567A00AC69F7 /* AutoLayout */ = {
			isa = PBXGroup;
			children = (
				D463DBAC29F2567A00AC69F7 /* Main.storyboard */,
				D463DBBD29F25AF800AC69F7 /* Prac1.storyboard */,
				D463DBBB29F25AF800AC69F7 /* Prac2.storyboard */,
				D463DBBC29F25AF800AC69F7 /* Prac3.storyboard */,
				D463DBBE29F25AF800AC69F7 /* Prac4.storyboard */,
				D400032E29F27B3A003A713F /* 6knock1.storyboard */,
				D400033229F27B3A003A713F /* 6knock2.storyboard */,
				D400033329F27B3A003A713F /* 6knock3.storyboard */,
				D400033129F27B3A003A713F /* 6knock4.storyboard */,
				D400033729F27B3A003A713F /* 6knock5.storyboard */,
				D45F63712A0BD7C0006E8977 /* 6knock6.storyboard */,
				D463DBC329F25BB400AC69F7 /* Advanced1.storyboard */,
				D463DBAF29F2567D00AC69F7 /* Assets.xcassets */,
				D463DBBA29F256A300AC69F7 /* Others */,
			);
			path = AutoLayout;
			sourceTree = "<group>";
		};
		D463DBBA29F256A300AC69F7 /* Others */ = {
			isa = PBXGroup;
			children = (
				D400031E29F27B2A003A713F /* 10knock1.storyboard */,
				D400032329F27B2A003A713F /* 10knock2.storyboard */,
				D400032229F27B2A003A713F /* 10knock3.storyboard */,
				D400031B29F27B2A003A713F /* 10knock4.storyboard */,
				D400031F29F27B2A003A713F /* 10knock5.storyboard */,
				D400032029F27B2A003A713F /* 10knock6.storyboard */,
				D400031D29F27B2A003A713F /* 10knock7.storyboard */,
				D400032129F27B2A003A713F /* 10knock8.storyboard */,
				D400031A29F27B29003A713F /* 10knock9.storyboard */,
				D400031C29F27B2A003A713F /* 10knock10.storyboard */,
				D463DBB429F2567D00AC69F7 /* Info.plist */,
				D463DBA829F2567A00AC69F7 /* SceneDelegate.swift */,
				D463DBAA29F2567A00AC69F7 /* ViewController.swift */,
				D463DBA629F2567A00AC69F7 /* AppDelegate.swift */,
				D463DBB129F2567D00AC69F7 /* LaunchScreen.storyboard */,
			);
			path = Others;
			sourceTree = "<group>";
		};
/* End PBXGroup section */

/* Begin PBXNativeTarget section */
		D463DBA229F2567A00AC69F7 /* AutoLayout */ = {
			isa = PBXNativeTarget;
			buildConfigurationList = D463DBB729F2567D00AC69F7 /* Build configuration list for PBXNativeTarget "AutoLayout" */;
			buildPhases = (
				D463DB9F29F2567A00AC69F7 /* Sources */,
				D463DBA029F2567A00AC69F7 /* Frameworks */,
				D463DBA129F2567A00AC69F7 /* Resources */,
			);
			buildRules = (
			);
			dependencies = (
			);
			name = AutoLayout;
			productName = AutoLayout;
			productReference = D463DBA329F2567A00AC69F7 /* AutoLayout.app */;
			productType = "com.apple.product-type.application";
		};
/* End PBXNativeTarget section */

/* Begin PBXProject section */
		D463DB9B29F2567A00AC69F7 /* Project object */ = {
			isa = PBXProject;
			attributes = {
				BuildIndependentTargetsInParallel = 1;
				LastSwiftUpdateCheck = 1410;
				LastUpgradeCheck = 1410;
				TargetAttributes = {
					D463DBA229F2567A00AC69F7 = {
						CreatedOnToolsVersion = 14.1;
					};
				};
			};
			buildConfigurationList = D463DB9E29F2567A00AC69F7 /* Build configuration list for PBXProject "AutoLayout" */;
			compatibilityVersion = "Xcode 14.0";
			developmentRegion = en;
			hasScannedForEncodings = 0;
			knownRegions = (
				en,
				Base,
			);
			mainGroup = D463DB9A29F2567A00AC69F7;
			productRefGroup = D463DBA429F2567A00AC69F7 /* Products */;
			projectDirPath = "";
			projectRoot = "";
			targets = (
				D463DBA229F2567A00AC69F7 /* AutoLayout */,
			);
		};
/* End PBXProject section */

/* Begin PBXResourcesBuildPhase section */
		D463DBA129F2567A00AC69F7 /* Resources */ = {
			isa = PBXResourcesBuildPhase;
			buildActionMask = 2147483647;
			files = (
				D463DBB329F2567D00AC69F7 /* LaunchScreen.storyboard in Resources */,
				D400033D29F27B3A003A713F /* 6knock3.storyboard in Resources */,
				D463DBC229F25AF800AC69F7 /* Prac4.storyboard in Resources */,
				D400032829F27B2A003A713F /* 10knock1.storyboard in Resources */,
				D400033B29F27B3A003A713F /* 6knock4.storyboard in Resources */,
				D400032A29F27B2A003A713F /* 10knock6.storyboard in Resources */,
				D463DBC429F25BB400AC69F7 /* Advanced1.storyboard in Resources */,
				D400033829F27B3A003A713F /* 6knock1.storyboard in Resources */,
				D400032C29F27B2A003A713F /* 10knock3.storyboard in Resources */,
				D400032429F27B2A003A713F /* 10knock9.storyboard in Resources */,
				D463DBC029F25AF800AC69F7 /* Prac3.storyboard in Resources */,
				D463DBC129F25AF800AC69F7 /* Prac1.storyboard in Resources */,
				D400034129F27B3A003A713F /* 6knock5.storyboard in Resources */,
				D463DBB029F2567D00AC69F7 /* Assets.xcassets in Resources */,
				D400032B29F27B2A003A713F /* 10knock8.storyboard in Resources */,
				D400032929F27B2A003A713F /* 10knock5.storyboard in Resources */,
				D400032629F27B2A003A713F /* 10knock10.storyboard in Resources */,
				D400033C29F27B3A003A713F /* 6knock2.storyboard in Resources */,
				D400032D29F27B2A003A713F /* 10knock2.storyboard in Resources */,
				D45F63722A0BD7C0006E8977 /* 6knock6.storyboard in Resources */,
				D400032729F27B2A003A713F /* 10knock7.storyboard in Resources */,
				D463DBAE29F2567A00AC69F7 /* Main.storyboard in Resources */,
				D463DBBF29F25AF800AC69F7 /* Prac2.storyboard in Resources */,
				D400032529F27B2A003A713F /* 10knock4.storyboard in Resources */,
			);
			runOnlyForDeploymentPostprocessing = 0;
		};
/* End PBXResourcesBuildPhase section */

/* Begin PBXSourcesBuildPhase section */
		D463DB9F29F2567A00AC69F7 /* Sources */ = {
			isa = PBXSourcesBuildPhase;
			buildActionMask = 2147483647;
			files = (
				D463DBAB29F2567A00AC69F7 /* ViewController.swift in Sources */,
				D463DBA729F2567A00AC69F7 /* AppDelegate.swift in Sources */,
				D463DBA929F2567A00AC69F7 /* SceneDelegate.swift in Sources */,
			);
			runOnlyForDeploymentPostprocessing = 0;
		};
/* End PBXSourcesBuildPhase section */

/* Begin PBXVariantGroup section */
		D463DBAC29F2567A00AC69F7 /* Main.storyboard */ = {
			isa = PBXVariantGroup;
			children = (
				D463DBAD29F2567A00AC69F7 /* Base */,
			);
			name = Main.storyboard;
			sourceTree = "<group>";
		};
		D463DBB129F2567D00AC69F7 /* LaunchScreen.storyboard */ = {
			isa = PBXVariantGroup;
			children = (
				D463DBB229F2567D00AC69F7 /* Base */,
			);
			name = LaunchScreen.storyboard;
			sourceTree = "<group>";
		};
/* End PBXVariantGroup section */

/* Begin XCBuildConfiguration section */
		D463DBB529F2567D00AC69F7 /* Debug */ = {
			isa = XCBuildConfiguration;
			buildSettings = {
				ALWAYS_SEARCH_USER_PATHS = NO;
				CLANG_ANALYZER_NONNULL = YES;
				CLANG_ANALYZER_NUMBER_OBJECT_CONVERSION = YES_AGGRESSIVE;
				CLANG_CXX_LANGUAGE_STANDARD = "gnu++20";
				CLANG_ENABLE_MODULES = YES;
				CLANG_ENABLE_OBJC_ARC = YES;
				CLANG_ENABLE_OBJC_WEAK = YES;
				CLANG_WARN_BLOCK_CAPTURE_AUTORELEASING = YES;
				CLANG_WARN_BOOL_CONVERSION = YES;
				CLANG_WARN_COMMA = YES;
				CLANG_WARN_CONSTANT_CONVERSION = YES;
				CLANG_WARN_DEPRECATED_OBJC_IMPLEMENTATIONS = YES;
				CLANG_WARN_DIRECT_OBJC_ISA_USAGE = YES_ERROR;
				CLANG_WARN_DOCUMENTATION_COMMENTS = YES;
				CLANG_WARN_EMPTY_BODY = YES;
				CLANG_WARN_ENUM_CONVERSION = YES;
				CLANG_WARN_INFINITE_RECURSION = YES;
				CLANG_WARN_INT_CONVERSION = YES;
				CLANG_WARN_NON_LITERAL_NULL_CONVERSION = YES;
				CLANG_WARN_OBJC_IMPLICIT_RETAIN_SELF = YES;
				CLANG_WARN_OBJC_LITERAL_CONVERSION = YES;
				CLANG_WARN_OBJC_ROOT_CLASS = YES_ERROR;
				CLANG_WARN_QUOTED_INCLUDE_IN_FRAMEWORK_HEADER = YES;
				CLANG_WARN_RANGE_LOOP_ANALYSIS = YES;
				CLANG_WARN_STRICT_PROTOTYPES = YES;
				CLANG_WARN_SUSPICIOUS_MOVE = YES;
				CLANG_WARN_UNGUARDED_AVAILABILITY = YES_AGGRESSIVE;
				CLANG_WARN_UNREACHABLE_CODE = YES;
				CLANG_WARN__DUPLICATE_METHOD_MATCH = YES;
				COPY_PHASE_STRIP = NO;
				DEBUG_INFORMATION_FORMAT = dwarf;
				ENABLE_STRICT_OBJC_MSGSEND = YES;
				ENABLE_TESTABILITY = YES;
				GCC_C_LANGUAGE_STANDARD = gnu11;
				GCC_DYNAMIC_NO_PIC = NO;
				GCC_NO_COMMON_BLOCKS = YES;
				GCC_OPTIMIZATION_LEVEL = 0;
				GCC_PREPROCESSOR_DEFINITIONS = (
					"DEBUG=1",
					"$(inherited)",
				);
				GCC_WARN_64_TO_32_BIT_CONVERSION = YES;
				GCC_WARN_ABOUT_RETURN_TYPE = YES_ERROR;
				GCC_WARN_UNDECLARED_SELECTOR = YES;
				GCC_WARN_UNINITIALIZED_AUTOS = YES_AGGRESSIVE;
				GCC_WARN_UNUSED_FUNCTION = YES;
				GCC_WARN_UNUSED_VARIABLE = YES;
				IPHONEOS_DEPLOYMENT_TARGET = 16.1;
				MTL_ENABLE_DEBUG_INFO = INCLUDE_SOURCE;
				MTL_FAST_MATH = YES;
				ONLY_ACTIVE_ARCH = YES;
				SDKROOT = iphoneos;
				SWIFT_ACTIVE_COMPILATION_CONDITIONS = DEBUG;
				SWIFT_OPTIMIZATION_LEVEL = "-Onone";
			};
			name = Debug;
		};
		D463DBB629F2567D00AC69F7 /* Release */ = {
			isa = XCBuildConfiguration;
			buildSettings = {
				ALWAYS_SEARCH_USER_PATHS = NO;
				CLANG_ANALYZER_NONNULL = YES;
				CLANG_ANALYZER_NUMBER_OBJECT_CONVERSION = YES_AGGRESSIVE;
				CLANG_CXX_LANGUAGE_STANDARD = "gnu++20";
				CLANG_ENABLE_MODULES = YES;
				CLANG_ENABLE_OBJC_ARC = YES;
				CLANG_ENABLE_OBJC_WEAK = YES;
				CLANG_WARN_BLOCK_CAPTURE_AUTORELEASING = YES;
				CLANG_WARN_BOOL_CONVERSION = YES;
				CLANG_WARN_COMMA = YES;
				CLANG_WARN_CONSTANT_CONVERSION = YES;
				CLANG_WARN_DEPRECATED_OBJC_IMPLEMENTATIONS = YES;
				CLANG_WARN_DIRECT_OBJC_ISA_USAGE = YES_ERROR;
				CLANG_WARN_DOCUMENTATION_COMMENTS = YES;
				CLANG_WARN_EMPTY_BODY = YES;
				CLANG_WARN_ENUM_CONVERSION = YES;
				CLANG_WARN_INFINITE_RECURSION = YES;
				CLANG_WARN_INT_CONVERSION = YES;
				CLANG_WARN_NON_LITERAL_NULL_CONVERSION = YES;
				CLANG_WARN_OBJC_IMPLICIT_RETAIN_SELF = YES;
				CLANG_WARN_OBJC_LITERAL_CONVERSION = YES;
				CLANG_WARN_OBJC_ROOT_CLASS = YES_ERROR;
				CLANG_WARN_QUOTED_INCLUDE_IN_FRAMEWORK_HEADER = YES;
				CLANG_WARN_RANGE_LOOP_ANALYSIS = YES;
				CLANG_WARN_STRICT_PROTOTYPES = YES;
				CLANG_WARN_SUSPICIOUS_MOVE = YES;
				CLANG_WARN_UNGUARDED_AVAILABILITY = YES_AGGRESSIVE;
				CLANG_WARN_UNREACHABLE_CODE = YES;
				CLANG_WARN__DUPLICATE_METHOD_MATCH = YES;
				COPY_PHASE_STRIP = NO;
				DEBUG_INFORMATION_FORMAT = "dwarf-with-dsym";
				ENABLE_NS_ASSERTIONS = NO;
				ENABLE_STRICT_OBJC_MSGSEND = YES;
				GCC_C_LANGUAGE_STANDARD = gnu11;
				GCC_NO_COMMON_BLOCKS = YES;
				GCC_WARN_64_TO_32_BIT_CONVERSION = YES;
				GCC_WARN_ABOUT_RETURN_TYPE = YES_ERROR;
				GCC_WARN_UNDECLARED_SELECTOR = YES;
				GCC_WARN_UNINITIALIZED_AUTOS = YES_AGGRESSIVE;
				GCC_WARN_UNUSED_FUNCTION = YES;
				GCC_WARN_UNUSED_VARIABLE = YES;
				IPHONEOS_DEPLOYMENT_TARGET = 16.1;
				MTL_ENABLE_DEBUG_INFO = NO;
				MTL_FAST_MATH = YES;
				SDKROOT = iphoneos;
				SWIFT_COMPILATION_MODE = wholemodule;
				SWIFT_OPTIMIZATION_LEVEL = "-O";
				VALIDATE_PRODUCT = YES;
			};
			name = Release;
		};
		D463DBB829F2567D00AC69F7 /* Debug */ = {
			isa = XCBuildConfiguration;
			buildSettings = {
				ASSETCATALOG_COMPILER_APPICON_NAME = AppIcon;
				ASSETCATALOG_COMPILER_GLOBAL_ACCENT_COLOR_NAME = AccentColor;
				CODE_SIGN_STYLE = Automatic;
				CURRENT_PROJECT_VERSION = 1;
				GENERATE_INFOPLIST_FILE = YES;
				INFOPLIST_FILE = AutoLayout/Info.plist;
				INFOPLIST_KEY_UIApplicationSupportsIndirectInputEvents = YES;
				INFOPLIST_KEY_UILaunchStoryboardName = LaunchScreen;
				INFOPLIST_KEY_UIMainStoryboardFile = Main;
				INFOPLIST_KEY_UISupportedInterfaceOrientations_iPad = "UIInterfaceOrientationPortrait UIInterfaceOrientationPortraitUpsideDown UIInterfaceOrientationLandscapeLeft UIInterfaceOrientationLandscapeRight";
				INFOPLIST_KEY_UISupportedInterfaceOrientations_iPhone = "UIInterfaceOrientationPortrait UIInterfaceOrientationLandscapeLeft UIInterfaceOrientationLandscapeRight";
				LD_RUNPATH_SEARCH_PATHS = (
					"$(inherited)",
					"@executable_path/Frameworks",
				);
				MARKETING_VERSION = 1.0;
				PRODUCT_BUNDLE_IDENTIFIER = app.lifeistech.AutoLayout;
				PRODUCT_NAME = "$(TARGET_NAME)";
				SWIFT_EMIT_LOC_STRINGS = YES;
				SWIFT_VERSION = 5.0;
				TARGETED_DEVICE_FAMILY = "1,2";
			};
			name = Debug;
		};
		D463DBB929F2567D00AC69F7 /* Release */ = {
			isa = XCBuildConfiguration;
			buildSettings = {
				ASSETCATALOG_COMPILER_APPICON_NAME = AppIcon;
				ASSETCATALOG_COMPILER_GLOBAL_ACCENT_COLOR_NAME = AccentColor;
				CODE_SIGN_STYLE = Automatic;
				CURRENT_PROJECT_VERSION = 1;
				GENERATE_INFOPLIST_FILE = YES;
				INFOPLIST_FILE = AutoLayout/Info.plist;
				INFOPLIST_KEY_UIApplicationSupportsIndirectInputEvents = YES;
				INFOPLIST_KEY_UILaunchStoryboardName = LaunchScreen;
				INFOPLIST_KEY_UIMainStoryboardFile = Main;
				INFOPLIST_KEY_UISupportedInterfaceOrientations_iPad = "UIInterfaceOrientationPortrait UIInterfaceOrientationPortraitUpsideDown UIInterfaceOrientationLandscapeLeft UIInterfaceOrientationLandscapeRight";
				INFOPLIST_KEY_UISupportedInterfaceOrientations_iPhone = "UIInterfaceOrientationPortrait UIInterfaceOrientationLandscapeLeft UIInterfaceOrientationLandscapeRight";
				LD_RUNPATH_SEARCH_PATHS = (
					"$(inherited)",
					"@executable_path/Frameworks",
				);
				MARKETING_VERSION = 1.0;
				PRODUCT_BUNDLE_IDENTIFIER = app.lifeistech.AutoLayout;
				PRODUCT_NAME = "$(TARGET_NAME)";
				SWIFT_EMIT_LOC_STRINGS = YES;
				SWIFT_VERSION = 5.0;
				TARGETED_DEVICE_FAMILY = "1,2";
			};
			name = Release;
		};
/* End XCBuildConfiguration section */

/* Begin XCConfigurationList section */
		D463DB9E29F2567A00AC69F7 /* Build configuration list for PBXProject "AutoLayout" */ = {
			isa = XCConfigurationList;
			buildConfigurations = (
				D463DBB529F2567D00AC69F7 /* Debug */,
				D463DBB629F2567D00AC69F7 /* Release */,
			);
			defaultConfigurationIsVisible = 0;
			defaultConfigurationName = Release;
		};
		D463DBB729F2567D00AC69F7 /* Build configuration list for PBXNativeTarget "AutoLayout" */ = {
			isa = XCConfigurationList;
			buildConfigurations = (
				D463DBB829F2567D00AC69F7 /* Debug */,
				D463DBB929F2567D00AC69F7 /* Release */,
			);
			defaultConfigurationIsVisible = 0;
			defaultConfigurationName = Release;
		};
/* End XCConfigurationList section */
	};
	rootObject = D463DB9B29F2567A00AC69F7 /* Project object */;
}
